
Microsoft Visual Studio Solution File, Format Version 12.00
# Visual Studio Version 16
VisualStudioVersion = 16.0.30309.148
MinimumVisualStudioVersion = 10.0.40219.1
Project("{FAE04EC0-301F-11D3-BF4B-00C04F79EFBC}") = "Intento3", "Intento3\Intento3.csproj", "{5ACBA29C-EF8C-432A-A077-C85F64D6D6B7}"
EndProject
Global
	GlobalSection(SolutionConfigurationPlatforms) = preSolution
		Debug|Any CPU = Debug|Any CPU
		Release|Any CPU = Release|Any CPU
	EndGlobalSection
	GlobalSection(ProjectConfigurationPlatforms) = postSolution
		{5ACBA29C-EF8C-432A-A077-C85F64D6D6B7}.Debug|Any CPU.ActiveCfg = Debug|Any CPU
		{5ACBA29C-EF8C-432A-A077-C85F64D6D6B7}.Debug|Any CPU.Build.0 = Debug|Any CPU
		{5ACBA29C-EF8C-432A-A077-C85F64D6D6B7}.Release|Any CPU.ActiveCfg = Release|Any CPU
		{5ACBA29C-EF8C-432A-A077-C85F64D6D6B7}.Release|Any CPU.Build.0 = Release|Any CPU
	EndGlobalSection
	GlobalSection(SolutionProperties) = preSolution
		HideSolutionNode = FALSE
	EndGlobalSection
	GlobalSection(ExtensibilityGlobals) = postSolution
		SolutionGuid = {691BD0C3-88A9-426B-ADAB-563D6AD41391}
	EndGlobalSection
EndGlobal
